
Microsoft Visual Studio Solution File, Format Version 12.00
# Visual Studio Version 16
VisualStudioVersion = 16.0.28729.10
MinimumVisualStudioVersion = 10.0.40219.1
Project("{FAE04EC0-301F-11D3-BF4B-00C04F79EFBC}") = "MaterialWatchGallery", "MaterialWatchGallery\MaterialWatchGallery.csproj", "{BEDA1F59-AE44-4234-B759-DC2B6E79BEDE}"
EndProject
Global
	GlobalSection(SolutionConfigurationPlatforms) = preSolution
		Debug|Any CPU = Debug|Any CPU
		Release|Any CPU = Release|Any CPU
	EndGlobalSection
	GlobalSection(ProjectConfigurationPlatforms) = postSolution
		{BEDA1F59-AE44-4234-B759-DC2B6E79BEDE}.Debug|Any CPU.ActiveCfg = Debug|Any CPU
		{BEDA1F59-AE44-4234-B759-DC2B6E79BEDE}.Debug|Any CPU.Build.0 = Debug|Any CPU
		{BEDA1F59-AE44-4234-B759-DC2B6E79BEDE}.Release|Any CPU.ActiveCfg = Release|Any CPU
		{BEDA1F59-AE44-4234-B759-DC2B6E79BEDE}.Release|Any CPU.Build.0 = Release|Any CPU
	EndGlobalSection
	GlobalSection(SolutionProperties) = preSolution
		HideSolutionNode = FALSE
	EndGlobalSection
	GlobalSection(ExtensibilityGlobals) = postSolution
		SolutionGuid = {FFADA899-F027-4631-99B2-AB80EBFB9DFD}
	EndGlobalSection
EndGlobal
